
Microsoft Visual Studio Solution File, Format Version 12.00
# Visual Studio Version 17
VisualStudioVersion = 17.5.002.0
MinimumVisualStudioVersion = 10.0.40219.1
Project("{9A19103F-16F7-4668-BE54-9A1E7A4F7556}") = "dotNetLab", "dotNetLab.csproj", "{22E0FCD1-9F6C-4AF3-862D-985487C467EF}"
EndProject
Global
	GlobalSection(SolutionConfigurationPlatforms) = preSolution
		Debug|Any CPU = Debug|Any CPU
		Release|Any CPU = Release|Any CPU
	EndGlobalSection
	GlobalSection(ProjectConfigurationPlatforms) = postSolution
		{22E0FCD1-9F6C-4AF3-862D-985487C467EF}.Debug|Any CPU.ActiveCfg = Debug|Any CPU
		{22E0FCD1-9F6C-4AF3-862D-985487C467EF}.Debug|Any CPU.Build.0 = Debug|Any CPU
		{22E0FCD1-9F6C-4AF3-862D-985487C467EF}.Release|Any CPU.ActiveCfg = Release|Any CPU
		{22E0FCD1-9F6C-4AF3-862D-985487C467EF}.Release|Any CPU.Build.0 = Release|Any CPU
	EndGlobalSection
	GlobalSection(SolutionProperties) = preSolution
		HideSolutionNode = FALSE
	EndGlobalSection
	GlobalSection(ExtensibilityGlobals) = postSolution
		SolutionGuid = {9E78EB59-AD18-482E-BF33-19BBB08E5A08}
	EndGlobalSection
EndGlobal
